
Microsoft Visual Studio Solution File, Format Version 12.00
# Visual Studio Version 16
VisualStudioVersion = 16.0.30011.22
MinimumVisualStudioVersion = 10.0.40219.1
Project("{9A19103F-16F7-4668-BE54-9A1E7A4F7556}") = "Authorization.Basics", "Authorization.Basics\Authorization.Basics.csproj", "{ED3FC6A3-93CD-45F8-99F1-8004B5FA9EA3}"
EndProject
Project("{9A19103F-16F7-4668-BE54-9A1E7A4F7556}") = "Authorization.Roles", "Authentication.Roles\Authorization.Roles.csproj", "{0643CCE0-2C41-45E0-9BCB-40420DC3E99E}"
EndProject
Project("{9A19103F-16F7-4668-BE54-9A1E7A4F7556}") = "Authorization.Database", "Authorization.Database\Authorization.Database.csproj", "{51E5906B-EC8F-4AF5-AEC3-6BFDF1BD3650}"
EndProject
Project("{FAE04EC0-301F-11D3-BF4B-00C04F79EFBC}") = "Authorization.FacebookDemo", "Authorization.FacebookDemo\Authorization.FacebookDemo.csproj", "{9EBA4DD7-1BF6-4D56-A5F3-70B14E8C61FF}"
EndProject
Global
	GlobalSection(SolutionConfigurationPlatforms) = preSolution
		Debug|Any CPU = Debug|Any CPU
		Release|Any CPU = Release|Any CPU
	EndGlobalSection
	GlobalSection(ProjectConfigurationPlatforms) = postSolution
		{ED3FC6A3-93CD-45F8-99F1-8004B5FA9EA3}.Debug|Any CPU.ActiveCfg = Debug|Any CPU
		{ED3FC6A3-93CD-45F8-99F1-8004B5FA9EA3}.Debug|Any CPU.Build.0 = Debug|Any CPU
		{ED3FC6A3-93CD-45F8-99F1-8004B5FA9EA3}.Release|Any CPU.ActiveCfg = Release|Any CPU
		{ED3FC6A3-93CD-45F8-99F1-8004B5FA9EA3}.Release|Any CPU.Build.0 = Release|Any CPU
		{0643CCE0-2C41-45E0-9BCB-40420DC3E99E}.Debug|Any CPU.ActiveCfg = Debug|Any CPU
		{0643CCE0-2C41-45E0-9BCB-40420DC3E99E}.Debug|Any CPU.Build.0 = Debug|Any CPU
		{0643CCE0-2C41-45E0-9BCB-40420DC3E99E}.Release|Any CPU.ActiveCfg = Release|Any CPU
		{0643CCE0-2C41-45E0-9BCB-40420DC3E99E}.Release|Any CPU.Build.0 = Release|Any CPU
		{51E5906B-EC8F-4AF5-AEC3-6BFDF1BD3650}.Debug|Any CPU.ActiveCfg = Debug|Any CPU
		{51E5906B-EC8F-4AF5-AEC3-6BFDF1BD3650}.Debug|Any CPU.Build.0 = Debug|Any CPU
		{51E5906B-EC8F-4AF5-AEC3-6BFDF1BD3650}.Release|Any CPU.ActiveCfg = Release|Any CPU
		{51E5906B-EC8F-4AF5-AEC3-6BFDF1BD3650}.Release|Any CPU.Build.0 = Release|Any CPU
		{9EBA4DD7-1BF6-4D56-A5F3-70B14E8C61FF}.Debug|Any CPU.ActiveCfg = Debug|Any CPU
		{9EBA4DD7-1BF6-4D56-A5F3-70B14E8C61FF}.Debug|Any CPU.Build.0 = Debug|Any CPU
		{9EBA4DD7-1BF6-4D56-A5F3-70B14E8C61FF}.Release|Any CPU.ActiveCfg = Release|Any CPU
		{9EBA4DD7-1BF6-4D56-A5F3-70B14E8C61FF}.Release|Any CPU.Build.0 = Release|Any CPU
	EndGlobalSection
	GlobalSection(SolutionProperties) = preSolution
		HideSolutionNode = FALSE
	EndGlobalSection
	GlobalSection(ExtensibilityGlobals) = postSolution
		SolutionGuid = {4F99A385-9375-4163-9B32-0CDC347B568B}
	EndGlobalSection
EndGlobal
